
Microsoft Visual Studio Solution File, Format Version 12.00
# Visual Studio Version 17
VisualStudioVersion = 17.0.31919.166
MinimumVisualStudioVersion = 10.0.40219.1
Project("{FAE04EC0-301F-11D3-BF4B-00C04F79EFBC}") = "PD_Behavioral", "..\PD_Behavioral\PD_Behavioral.csproj", "{3985A1EF-882D-40BE-A216-271302444D1B}"
EndProject
Global
	GlobalSection(SolutionConfigurationPlatforms) = preSolution
		Debug|Any CPU = Debug|Any CPU
		Release|Any CPU = Release|Any CPU
	EndGlobalSection
	GlobalSection(ProjectConfigurationPlatforms) = postSolution
		{3985A1EF-882D-40BE-A216-271302444D1B}.Debug|Any CPU.ActiveCfg = Debug|Any CPU
		{3985A1EF-882D-40BE-A216-271302444D1B}.Debug|Any CPU.Build.0 = Debug|Any CPU
		{3985A1EF-882D-40BE-A216-271302444D1B}.Release|Any CPU.ActiveCfg = Release|Any CPU
		{3985A1EF-882D-40BE-A216-271302444D1B}.Release|Any CPU.Build.0 = Release|Any CPU
	EndGlobalSection
	GlobalSection(SolutionProperties) = preSolution
		HideSolutionNode = FALSE
	EndGlobalSection
	GlobalSection(ExtensibilityGlobals) = postSolution
		SolutionGuid = {C2C51420-6BA2-4C6F-A8B3-FF9491100FF5}
	EndGlobalSection
EndGlobal
